
Microsoft Visual Studio Solution File, Format Version 12.00
# Visual Studio Version 17
VisualStudioVersion = 17.5.33627.172
MinimumVisualStudioVersion = 10.0.40219.1
Project("{FAE04EC0-301F-11D3-BF4B-00C04F79EFBC}") = "GlossaryLibrary", "GlossaryLibrary\GlossaryLibrary.csproj", "{DD49077E-BC8B-41A4-849C-62A63EE4A429}"
EndProject
Project("{9A19103F-16F7-4668-BE54-9A1E7A4F7556}") = "GlossaryConsole", "GlossaryConsole\GlossaryConsole.csproj", "{5D2359EC-6013-406F-AC7A-A4E8644D27D6}"
EndProject
Project("{FAE04EC0-301F-11D3-BF4B-00C04F79EFBC}") = "GlossaryForms", "GlossaryForms\GlossaryForms.csproj", "{45D164DF-150E-42FF-813D-EEE51F1966BD}"
EndProject
Global
	GlobalSection(SolutionConfigurationPlatforms) = preSolution
		Debug|Any CPU = Debug|Any CPU
		Release|Any CPU = Release|Any CPU
	EndGlobalSection
	GlobalSection(ProjectConfigurationPlatforms) = postSolution
		{DD49077E-BC8B-41A4-849C-62A63EE4A429}.Debug|Any CPU.ActiveCfg = Debug|Any CPU
		{DD49077E-BC8B-41A4-849C-62A63EE4A429}.Debug|Any CPU.Build.0 = Debug|Any CPU
		{DD49077E-BC8B-41A4-849C-62A63EE4A429}.Release|Any CPU.ActiveCfg = Release|Any CPU
		{DD49077E-BC8B-41A4-849C-62A63EE4A429}.Release|Any CPU.Build.0 = Release|Any CPU
		{5D2359EC-6013-406F-AC7A-A4E8644D27D6}.Debug|Any CPU.ActiveCfg = Debug|Any CPU
		{5D2359EC-6013-406F-AC7A-A4E8644D27D6}.Debug|Any CPU.Build.0 = Debug|Any CPU
		{5D2359EC-6013-406F-AC7A-A4E8644D27D6}.Release|Any CPU.ActiveCfg = Release|Any CPU
		{5D2359EC-6013-406F-AC7A-A4E8644D27D6}.Release|Any CPU.Build.0 = Release|Any CPU
		{45D164DF-150E-42FF-813D-EEE51F1966BD}.Debug|Any CPU.ActiveCfg = Debug|Any CPU
		{45D164DF-150E-42FF-813D-EEE51F1966BD}.Debug|Any CPU.Build.0 = Debug|Any CPU
		{45D164DF-150E-42FF-813D-EEE51F1966BD}.Release|Any CPU.ActiveCfg = Release|Any CPU
		{45D164DF-150E-42FF-813D-EEE51F1966BD}.Release|Any CPU.Build.0 = Release|Any CPU
	EndGlobalSection
	GlobalSection(SolutionProperties) = preSolution
		HideSolutionNode = FALSE
	EndGlobalSection
	GlobalSection(ExtensibilityGlobals) = postSolution
		SolutionGuid = {90A81155-C55E-44E4-BA94-BE4AF77BEACD}
	EndGlobalSection
EndGlobal
